// !$*UTF8*$!
{
	archiveVersion = 1;
	classes = {
	};
	objectVersion = 46;
	objects = {

/* Begin PBXBuildFile section */
		2CDD3D295B29F8CEA6EF4AC1 /* Pods.framework in Frameworks */ = {isa = PBXBuildFile; fileRef = 81DD45EA54D2E0A5F2AB9422 /* Pods.framework */; };
		5E75CE661C167A1900089245 /* Podfile in Resources */ = {isa = PBXBuildFile; fileRef = 5E75CE651C167A1900089245 /* Podfile */; };
		5EA6A5261C1631ED008F88F6 /* AppDelegate.swift in Sources */ = {isa = PBXBuildFile; fileRef = 5EA6A5251C1631ED008F88F6 /* AppDelegate.swift */; };
		5EA6A5281C1631ED008F88F6 /* ViewController.swift in Sources */ = {isa = PBXBuildFile; fileRef = 5EA6A5271C1631ED008F88F6 /* ViewController.swift */; };
		5EA6A52B1C1631ED008F88F6 /* Main.storyboard in Resources */ = {isa = PBXBuildFile; fileRef = 5EA6A5291C1631ED008F88F6 /* Main.storyboard */; };
		5EA6A52D1C1631EE008F88F6 /* Assets.xcassets in Resources */ = {isa = PBXBuildFile; fileRef = 5EA6A52C1C1631EE008F88F6 /* Assets.xcassets */; };
		5EA6A5381C1631EE008F88F6 /* TVCoffeeTests.swift in Sources */ = {isa = PBXBuildFile; fileRef = 5EA6A5371C1631EE008F88F6 /* TVCoffeeTests.swift */; };
		5EA6A5431C1631EE008F88F6 /* TVCoffeeUITests.swift in Sources */ = {isa = PBXBuildFile; fileRef = 5EA6A5421C1631EE008F88F6 /* TVCoffeeUITests.swift */; };
/* End PBXBuildFile section */

/* Begin PBXContainerItemProxy section */
		5EA6A5341C1631EE008F88F6 /* PBXContainerItemProxy */ = {
			isa = PBXContainerItemProxy;
			containerPortal = 5EA6A51A1C1631ED008F88F6 /* Project object */;
			proxyType = 1;
			remoteGlobalIDString = 5EA6A5211C1631ED008F88F6;
			remoteInfo = TVCoffee;
		};
		5EA6A53F1C1631EE008F88F6 /* PBXContainerItemProxy */ = {
			isa = PBXContainerItemProxy;
			containerPortal = 5EA6A51A1C1631ED008F88F6 /* Project object */;
			proxyType = 1;
			remoteGlobalIDString = 5EA6A5211C1631ED008F88F6;
			remoteInfo = TVCoffee;
		};
/* End PBXContainerItemProxy section */

/* Begin PBXFileReference section */
		05F79D13F220F4AC2EF33CC2 /* Pods.release.xcconfig */ = {isa = PBXFileReference; includeInIndex = 1; lastKnownFileType = text.xcconfig; name = Pods.release.xcconfig; path = "Pods/Target Support Files/Pods/Pods.release.xcconfig"; sourceTree = "<group>"; };
		5E75CE651C167A1900089245 /* Podfile */ = {isa = PBXFileReference; fileEncoding = 4; lastKnownFileType = text; path = Podfile; sourceTree = SOURCE_ROOT; xcLanguageSpecificationIdentifier = xcode.lang.ruby; };
		5EA6A5221C1631ED008F88F6 /* TVCoffee.app */ = {isa = PBXFileReference; explicitFileType = wrapper.application; includeInIndex = 0; path = TVCoffee.app; sourceTree = BUILT_PRODUCTS_DIR; };
		5EA6A5251C1631ED008F88F6 /* AppDelegate.swift */ = {isa = PBXFileReference; lastKnownFileType = sourcecode.swift; path = AppDelegate.swift; sourceTree = "<group>"; };
		5EA6A5271C1631ED008F88F6 /* ViewController.swift */ = {isa = PBXFileReference; lastKnownFileType = sourcecode.swift; path = ViewController.swift; sourceTree = "<group>"; };
		5EA6A52A1C1631ED008F88F6 /* Base */ = {isa = PBXFileReference; lastKnownFileType = file.storyboard; name = Base; path = Base.lproj/Main.storyboard; sourceTree = "<group>"; };
		5EA6A52C1C1631EE008F88F6 /* Assets.xcassets */ = {isa = PBXFileReference; lastKnownFileType = folder.assetcatalog; path = Assets.xcassets; sourceTree = "<group>"; };
		5EA6A52E1C1631EE008F88F6 /* Info.plist */ = {isa = PBXFileReference; lastKnownFileType = text.plist.xml; path = Info.plist; sourceTree = "<group>"; };
		5EA6A5331C1631EE008F88F6 /* TVCoffeeTests.xctest */ = {isa = PBXFileReference; explicitFileType = wrapper.cfbundle; includeInIndex = 0; path = TVCoffeeTests.xctest; sourceTree = BUILT_PRODUCTS_DIR; };
		5EA6A5371C1631EE008F88F6 /* TVCoffeeTests.swift */ = {isa = PBXFileReference; lastKnownFileType = sourcecode.swift; path = TVCoffeeTests.swift; sourceTree = "<group>"; };
		5EA6A5391C1631EE008F88F6 /* Info.plist */ = {isa = PBXFileReference; lastKnownFileType = text.plist.xml; path = Info.plist; sourceTree = "<group>"; };
		5EA6A53E1C1631EE008F88F6 /* TVCoffeeUITests.xctest */ = {isa = PBXFileReference; explicitFileType = wrapper.cfbundle; includeInIndex = 0; path = TVCoffeeUITests.xctest; sourceTree = BUILT_PRODUCTS_DIR; };
		5EA6A5421C1631EE008F88F6 /* TVCoffeeUITests.swift */ = {isa = PBXFileReference; lastKnownFileType = sourcecode.swift; path = TVCoffeeUITests.swift; sourceTree = "<group>"; };
		5EA6A5441C1631EE008F88F6 /* Info.plist */ = {isa = PBXFileReference; lastKnownFileType = text.plist.xml; path = Info.plist; sourceTree = "<group>"; };
		81DD45EA54D2E0A5F2AB9422 /* Pods.framework */ = {isa = PBXFileReference; explicitFileType = wrapper.framework; includeInIndex = 0; path = Pods.framework; sourceTree = BUILT_PRODUCTS_DIR; };
		C7565D37FFB6C1BB2B67584E /* Pods.debug.xcconfig */ = {isa = PBXFileReference; includeInIndex = 1; lastKnownFileType = text.xcconfig; name = Pods.debug.xcconfig; path = "Pods/Target Support Files/Pods/Pods.debug.xcconfig"; sourceTree = "<group>"; };
/* End PBXFileReference section */

/* Begin PBXFrameworksBuildPhase section */
		5EA6A51F1C1631ED008F88F6 /* Frameworks */ = {
			isa = PBXFrameworksBuildPhase;
			buildActionMask = 2147483647;
			files = (
				2CDD3D295B29F8CEA6EF4AC1 /* Pods.framework in Frameworks */,
			);
			runOnlyForDeploymentPostprocessing = 0;
		};
		5EA6A5301C1631EE008F88F6 /* Frameworks */ = {
			isa = PBXFrameworksBuildPhase;
			buildActionMask = 2147483647;
			files = (
			);
			runOnlyForDeploymentPostprocessing = 0;
		};
		5EA6A53B1C1631EE008F88F6 /* Frameworks */ = {
			isa = PBXFrameworksBuildPhase;
			buildActionMask = 2147483647;
			files = (
			);
			runOnlyForDeploymentPostprocessing = 0;
		};
/* End PBXFrameworksBuildPhase section */

/* Begin PBXGroup section */
		110856BA45E1DCC6E5631AE6 /* Frameworks */ = {
			isa = PBXGroup;
			children = (
				81DD45EA54D2E0A5F2AB9422 /* Pods.framework */,
			);
			name = Frameworks;
			sourceTree = "<group>";
		};
		5EA6A5191C1631ED008F88F6 = {
			isa = PBXGroup;
			children = (
				5EA6A5241C1631ED008F88F6 /* TVCoffee */,
				5EA6A5361C1631EE008F88F6 /* TVCoffeeTests */,
				5EA6A5411C1631EE008F88F6 /* TVCoffeeUITests */,
				5EA6A5231C1631ED008F88F6 /* Products */,
				C506698F169DEA2B8204BDE7 /* Pods */,
				110856BA45E1DCC6E5631AE6 /* Frameworks */,
			);
			sourceTree = "<group>";
		};
		5EA6A5231C1631ED008F88F6 /* Products */ = {
			isa = PBXGroup;
			children = (
				5EA6A5221C1631ED008F88F6 /* TVCoffee.app */,
				5EA6A5331C1631EE008F88F6 /* TVCoffeeTests.xctest */,
				5EA6A53E1C1631EE008F88F6 /* TVCoffeeUITests.xctest */,
			);
			name = Products;
			sourceTree = "<group>";
		};
		5EA6A5241C1631ED008F88F6 /* TVCoffee */ = {
			isa = PBXGroup;
			children = (
				5EA6A5251C1631ED008F88F6 /* AppDelegate.swift */,
				5E75CE651C167A1900089245 /* Podfile */,
				5EA6A5271C1631ED008F88F6 /* ViewController.swift */,
				5EA6A5291C1631ED008F88F6 /* Main.storyboard */,
				5EA6A52C1C1631EE008F88F6 /* Assets.xcassets */,
				5EA6A52E1C1631EE008F88F6 /* Info.plist */,
			);
			path = TVCoffee;
			sourceTree = "<group>";
		};
		5EA6A5361C1631EE008F88F6 /* TVCoffeeTests */ = {
			isa = PBXGroup;
			children = (
				5EA6A5371C1631EE008F88F6 /* TVCoffeeTests.swift */,
				5EA6A5391C1631EE008F88F6 /* Info.plist */,
			);
			path = TVCoffeeTests;
			sourceTree = "<group>";
		};
		5EA6A5411C1631EE008F88F6 /* TVCoffeeUITests */ = {
			isa = PBXGroup;
			children = (
				5EA6A5421C1631EE008F88F6 /* TVCoffeeUITests.swift */,
				5EA6A5441C1631EE008F88F6 /* Info.plist */,
			);
			path = TVCoffeeUITests;
			sourceTree = "<group>";
		};
		C506698F169DEA2B8204BDE7 /* Pods */ = {
			isa = PBXGroup;
			children = (
				C7565D37FFB6C1BB2B67584E /* Pods.debug.xcconfig */,
				05F79D13F220F4AC2EF33CC2 /* Pods.release.xcconfig */,
			);
			name = Pods;
			sourceTree = "<group>";
		};
/* End PBXGroup section */

/* Begin PBXNativeTarget section */
		5EA6A5211C1631ED008F88F6 /* TVCoffee */ = {
			isa = PBXNativeTarget;
			buildConfigurationList = 5EA6A5471C1631EE008F88F6 /* Build configuration list for PBXNativeTarget "TVCoffee" */;
			buildPhases = (
				BC083385C4C97D65FA8F3C1E /* Check Pods Manifest.lock */,
				5EA6A51E1C1631ED008F88F6 /* Sources */,
				5EA6A51F1C1631ED008F88F6 /* Frameworks */,
				5EA6A5201C1631ED008F88F6 /* Resources */,
				4F4BE9ECA9BA279C74B098F1 /* Embed Pods Frameworks */,
				5CE62CEC173713AA64E530A1 /* Copy Pods Resources */,
			);
			buildRules = (
			);
			dependencies = (
			);
			name = TVCoffee;
			productName = TVCoffee;
			productReference = 5EA6A5221C1631ED008F88F6 /* TVCoffee.app */;
			productType = "com.apple.product-type.application";
		};
		5EA6A5321C1631EE008F88F6 /* TVCoffeeTests */ = {
			isa = PBXNativeTarget;
			buildConfigurationList = 5EA6A54A1C1631EE008F88F6 /* Build configuration list for PBXNativeTarget "TVCoffeeTests" */;
			buildPhases = (
				5EA6A52F1C1631EE008F88F6 /* Sources */,
				5EA6A5301C1631EE008F88F6 /* Frameworks */,
				5EA6A5311C1631EE008F88F6 /* Resources */,
			);
			buildRules = (
			);
			dependencies = (
				5EA6A5351C1631EE008F88F6 /* PBXTargetDependency */,
			);
			name = TVCoffeeTests;
			productName = TVCoffeeTests;
			productReference = 5EA6A5331C1631EE008F88F6 /* TVCoffeeTests.xctest */;
			productType = "com.apple.product-type.bundle.unit-test";
		};
		5EA6A53D1C1631EE008F88F6 /* TVCoffeeUITests */ = {
			isa = PBXNativeTarget;
			buildConfigurationList = 5EA6A54D1C1631EE008F88F6 /* Build configuration list for PBXNativeTarget "TVCoffeeUITests" */;
			buildPhases = (
				5EA6A53A1C1631EE008F88F6 /* Sources */,
				5EA6A53B1C1631EE008F88F6 /* Frameworks */,
				5EA6A53C1C1631EE008F88F6 /* Resources */,
			);
			buildRules = (
			);
			dependencies = (
				5EA6A5401C1631EE008F88F6 /* PBXTargetDependency */,
			);
			name = TVCoffeeUITests;
			productName = TVCoffeeUITests;
			productReference = 5EA6A53E1C1631EE008F88F6 /* TVCoffeeUITests.xctest */;
			productType = "com.apple.product-type.bundle.ui-testing";
		};
/* End PBXNativeTarget section */

/* Begin PBXProject section */
		5EA6A51A1C1631ED008F88F6 /* Project object */ = {
			isa = PBXProject;
			attributes = {
				LastSwiftUpdateCheck = 0710;
				LastUpgradeCheck = 0710;
				ORGANIZATIONNAME = "Alliterative Software";
				TargetAttributes = {
					5EA6A5211C1631ED008F88F6 = {
						CreatedOnToolsVersion = 7.1.1;
						DevelopmentTeam = ZQE4Q3PEKV;
					};
					5EA6A5321C1631EE008F88F6 = {
						CreatedOnToolsVersion = 7.1.1;
						DevelopmentTeam = ZQE4Q3PEKV;
						TestTargetID = 5EA6A5211C1631ED008F88F6;
					};
					5EA6A53D1C1631EE008F88F6 = {
						CreatedOnToolsVersion = 7.1.1;
						DevelopmentTeam = ZQE4Q3PEKV;
						TestTargetID = 5EA6A5211C1631ED008F88F6;
					};
				};
			};
			buildConfigurationList = 5EA6A51D1C1631ED008F88F6 /* Build configuration list for PBXProject "TVCoffee" */;
			compatibilityVersion = "Xcode 3.2";
			developmentRegion = English;
			hasScannedForEncodings = 0;
			knownRegions = (
				en,
				Base,
			);
			mainGroup = 5EA6A5191C1631ED008F88F6;
			productRefGroup = 5EA6A5231C1631ED008F88F6 /* Products */;
			projectDirPath = "";
			projectRoot = "";
			targets = (
				5EA6A5211C1631ED008F88F6 /* TVCoffee */,
				5EA6A5321C1631EE008F88F6 /* TVCoffeeTests */,
				5EA6A53D1C1631EE008F88F6 /* TVCoffeeUITests */,
			);
		};
/* End PBXProject section */

/* Begin PBXResourcesBuildPhase section */
		5EA6A5201C1631ED008F88F6 /* Resources */ = {
			isa = PBXResourcesBuildPhase;
			buildActionMask = 2147483647;
			files = (
				5E75CE661C167A1900089245 /* Podfile in Resources */,
				5EA6A52D1C1631EE008F88F6 /* Assets.xcassets in Resources */,
				5EA6A52B1C1631ED008F88F6 /* Main.storyboard in Resources */,
			);
			runOnlyForDeploymentPostprocessing = 0;
		};
		5EA6A5311C1631EE008F88F6 /* Resources */ = {
			isa = PBXResourcesBuildPhase;
			buildActionMask = 2147483647;
			files = (
			);
			runOnlyForDeploymentPostprocessing = 0;
		};
		5EA6A53C1C1631EE008F88F6 /* Resources */ = {
			isa = PBXResourcesBuildPhase;
			buildActionMask = 2147483647;
			files = (
			);
			runOnlyForDeploymentPostprocessing = 0;
		};
/* End PBXResourcesBuildPhase section */

/* Begin PBXShellScriptBuildPhase section */
		4F4BE9ECA9BA279C74B098F1 /* Embed Pods Frameworks */ = {
			isa = PBXShellScriptBuildPhase;
			buildActionMask = 2147483647;
			files = (
			);
			inputPaths = (
			);
			name = "Embed Pods Frameworks";
			outputPaths = (
			);
			runOnlyForDeploymentPostprocessing = 0;
			shellPath = /bin/sh;
			shellScript = "\"${SRCROOT}/Pods/Target Support Files/Pods/Pods-frameworks.sh\"\n";
			showEnvVarsInLog = 0;
		};
		5CE62CEC173713AA64E530A1 /* Copy Pods Resources */ = {
			isa = PBXShellScriptBuildPhase;
			buildActionMask = 2147483647;
			files = (
			);
			inputPaths = (
			);
			name = "Copy Pods Resources";
			outputPaths = (
			);
			runOnlyForDeploymentPostprocessing = 0;
			shellPath = /bin/sh;
			shellScript = "\"${SRCROOT}/Pods/Target Support Files/Pods/Pods-resources.sh\"\n";
			showEnvVarsInLog = 0;
		};
		BC083385C4C97D65FA8F3C1E /* Check Pods Manifest.lock */ = {
			isa = PBXShellScriptBuildPhase;
			buildActionMask = 2147483647;
			files = (
			);
			inputPaths = (
			);
			name = "Check Pods Manifest.lock";
			outputPaths = (
			);
			runOnlyForDeploymentPostprocessing = 0;
			shellPath = /bin/sh;
			shellScript = "diff \"${PODS_ROOT}/../Podfile.lock\" \"${PODS_ROOT}/Manifest.lock\" > /dev/null\nif [[ $? != 0 ]] ; then\n    cat << EOM\nerror: The sandbox is not in sync with the Podfile.lock. Run 'pod install' or update your CocoaPods installation.\nEOM\n    exit 1\nfi\n";
			showEnvVarsInLog = 0;
		};
/* End PBXShellScriptBuildPhase section */

/* Begin PBXSourcesBuildPhase section */
		5EA6A51E1C1631ED008F88F6 /* Sources */ = {
			isa = PBXSourcesBuildPhase;
			buildActionMask = 2147483647;
			files = (
				5EA6A5281C1631ED008F88F6 /* ViewController.swift in Sources */,
				5EA6A5261C1631ED008F88F6 /* AppDelegate.swift in Sources */,
			);
			runOnlyForDeploymentPostprocessing = 0;
		};
		5EA6A52F1C1631EE008F88F6 /* Sources */ = {
			isa = PBXSourcesBuildPhase;
			buildActionMask = 2147483647;
			files = (
				5EA6A5381C1631EE008F88F6 /* TVCoffeeTests.swift in Sources */,
			);
			runOnlyForDeploymentPostprocessing = 0;
		};
		5EA6A53A1C1631EE008F88F6 /* Sources */ = {
			isa = PBXSourcesBuildPhase;
			buildActionMask = 2147483647;
			files = (
				5EA6A5431C1631EE008F88F6 /* TVCoffeeUITests.swift in Sources */,
			);
			runOnlyForDeploymentPostprocessing = 0;
		};
/* End PBXSourcesBuildPhase section */

/* Begin PBXTargetDependency section */
		5EA6A5351C1631EE008F88F6 /* PBXTargetDependency */ = {
			isa = PBXTargetDependency;
			target = 5EA6A5211C1631ED008F88F6 /* TVCoffee */;
			targetProxy = 5EA6A5341C1631EE008F88F6 /* PBXContainerItemProxy */;
		};
		5EA6A5401C1631EE008F88F6 /* PBXTargetDependency */ = {
			isa = PBXTargetDependency;
			target = 5EA6A5211C1631ED008F88F6 /* TVCoffee */;
			targetProxy = 5EA6A53F1C1631EE008F88F6 /* PBXContainerItemProxy */;
		};
/* End PBXTargetDependency section */

/* Begin PBXVariantGroup section */
		5EA6A5291C1631ED008F88F6 /* Main.storyboard */ = {
			isa = PBXVariantGroup;
			children = (
				5EA6A52A1C1631ED008F88F6 /* Base */,
			);
			name = Main.storyboard;
			sourceTree = "<group>";
		};
/* End PBXVariantGroup section */

/* Begin XCBuildConfiguration section */
		5EA6A5451C1631EE008F88F6 /* Debug */ = {
			isa = XCBuildConfiguration;
			buildSettings = {
				ALWAYS_SEARCH_USER_PATHS = NO;
				CLANG_CXX_LANGUAGE_STANDARD = "gnu++0x";
				CLANG_CXX_LIBRARY = "libc++";
				CLANG_ENABLE_MODULES = YES;
				CLANG_ENABLE_OBJC_ARC = YES;
				CLANG_WARN_BOOL_CONVERSION = YES;
				CLANG_WARN_CONSTANT_CONVERSION = YES;
				CLANG_WARN_DIRECT_OBJC_ISA_USAGE = YES_ERROR;
				CLANG_WARN_EMPTY_BODY = YES;
				CLANG_WARN_ENUM_CONVERSION = YES;
				CLANG_WARN_INT_CONVERSION = YES;
				CLANG_WARN_OBJC_ROOT_CLASS = YES_ERROR;
				CLANG_WARN_UNREACHABLE_CODE = YES;
				CLANG_WARN__DUPLICATE_METHOD_MATCH = YES;
				COPY_PHASE_STRIP = NO;
				DEBUG_INFORMATION_FORMAT = dwarf;
				ENABLE_STRICT_OBJC_MSGSEND = YES;
				ENABLE_TESTABILITY = YES;
				GCC_C_LANGUAGE_STANDARD = gnu99;
				GCC_DYNAMIC_NO_PIC = NO;
				GCC_NO_COMMON_BLOCKS = YES;
				GCC_OPTIMIZATION_LEVEL = 0;
				GCC_PREPROCESSOR_DEFINITIONS = (
					"DEBUG=1",
					"$(inherited)",
				);
				GCC_WARN_64_TO_32_BIT_CONVERSION = YES;
				GCC_WARN_ABOUT_RETURN_TYPE = YES_ERROR;
				GCC_WARN_UNDECLARED_SELECTOR = YES;
				GCC_WARN_UNINITIALIZED_AUTOS = YES_AGGRESSIVE;
				GCC_WARN_UNUSED_FUNCTION = YES;
				GCC_WARN_UNUSED_VARIABLE = YES;
				MTL_ENABLE_DEBUG_INFO = YES;
				ONLY_ACTIVE_ARCH = YES;
				SDKROOT = appletvos;
				SWIFT_OPTIMIZATION_LEVEL = "-Onone";
				TARGETED_DEVICE_FAMILY = 3;
				TVOS_DEPLOYMENT_TARGET = 9.0;
			};
			name = Debug;
		};
		5EA6A5461C1631EE008F88F6 /* Release */ = {
			isa = XCBuildConfiguration;
			buildSettings = {
				ALWAYS_SEARCH_USER_PATHS = NO;
				CLANG_CXX_LANGUAGE_STANDARD = "gnu++0x";
				CLANG_CXX_LIBRARY = "libc++";
				CLANG_ENABLE_MODULES = YES;
				CLANG_ENABLE_OBJC_ARC = YES;
				CLANG_WARN_BOOL_CONVERSION = YES;
				CLANG_WARN_CONSTANT_CONVERSION = YES;
				CLANG_WARN_DIRECT_OBJC_ISA_USAGE = YES_ERROR;
				CLANG_WARN_EMPTY_BODY = YES;
				CLANG_WARN_ENUM_CONVERSION = YES;
				CLANG_WARN_INT_CONVERSION = YES;
				CLANG_WARN_OBJC_ROOT_CLASS = YES_ERROR;
				CLANG_WARN_UNREACHABLE_CODE = YES;
				CLANG_WARN__DUPLICATE_METHOD_MATCH = YES;
				COPY_PHASE_STRIP = NO;
				DEBUG_INFORMATION_FORMAT = "dwarf-with-dsym";
				ENABLE_NS_ASSERTIONS = NO;
				ENABLE_STRICT_OBJC_MSGSEND = YES;
				GCC_C_LANGUAGE_STANDARD = gnu99;
				GCC_NO_COMMON_BLOCKS = YES;
				GCC_WARN_64_TO_32_BIT_CONVERSION = YES;
				GCC_WARN_ABOUT_RETURN_TYPE = YES_ERROR;
				GCC_WARN_UNDECLARED_SELECTOR = YES;
				GCC_WARN_UNINITIALIZED_AUTOS = YES_AGGRESSIVE;
				GCC_WARN_UNUSED_FUNCTION = YES;
				GCC_WARN_UNUSED_VARIABLE = YES;
				MTL_ENABLE_DEBUG_INFO = NO;
				SDKROOT = appletvos;
				TARGETED_DEVICE_FAMILY = 3;
				TVOS_DEPLOYMENT_TARGET = 9.0;
				VALIDATE_PRODUCT = YES;
			};
			name = Release;
		};
		5EA6A5481C1631EE008F88F6 /* Debug */ = {
			isa = XCBuildConfiguration;
			baseConfigurationReference = C7565D37FFB6C1BB2B67584E /* Pods.debug.xcconfig */;
			buildSettings = {
				ASSETCATALOG_COMPILER_APPICON_NAME = "App Icon & Top Shelf Image";
				ASSETCATALOG_COMPILER_LAUNCHIMAGE_NAME = LaunchImage;
				INFOPLIST_FILE = TVCoffee/Info.plist;
				LD_RUNPATH_SEARCH_PATHS = "$(inherited) @executable_path/Frameworks";
				PRODUCT_BUNDLE_IDENTIFIER = alliterative.TVCoffee;
				PRODUCT_NAME = "$(TARGET_NAME)";
			};
			name = Debug;
		};
		5EA6A5491C1631EE008F88F6 /* Release */ = {
			isa = XCBuildConfiguration;
			baseConfigurationReference = 05F79D13F220F4AC2EF33CC2 /* Pods.release.xcconfig */;
			buildSettings = {
				ASSETCATALOG_COMPILER_APPICON_NAME = "App Icon & Top Shelf Image";
				ASSETCATALOG_COMPILER_LAUNCHIMAGE_NAME = LaunchImage;
				INFOPLIST_FILE = TVCoffee/Info.plist;
				LD_RUNPATH_SEARCH_PATHS = "$(inherited) @executable_path/Frameworks";
				PRODUCT_BUNDLE_IDENTIFIER = alliterative.TVCoffee;
				PRODUCT_NAME = "$(TARGET_NAME)";
			};
			name = Release;
		};
		5EA6A54B1C1631EE008F88F6 /* Debug */ = {
			isa = XCBuildConfiguration;
			buildSettings = {
				BUNDLE_LOADER = "$(TEST_HOST)";
				INFOPLIST_FILE = TVCoffeeTests/Info.plist;
				LD_RUNPATH_SEARCH_PATHS = "$(inherited) @executable_path/Frameworks @loader_path/Frameworks";
				PRODUCT_BUNDLE_IDENTIFIER = alliterative.TVCoffeeTests;
				PRODUCT_NAME = "$(TARGET_NAME)";
				TEST_HOST = "$(BUILT_PRODUCTS_DIR)/TVCoffee.app/TVCoffee";
			};
			name = Debug;
		};
		5EA6A54C1C1631EE008F88F6 /* Release */ = {
			isa = XCBuildConfiguration;
			buildSettings = {
				BUNDLE_LOADER = "$(TEST_HOST)";
				INFOPLIST_FILE = TVCoffeeTests/Info.plist;
				LD_RUNPATH_SEARCH_PATHS = "$(inherited) @executable_path/Frameworks @loader_path/Frameworks";
				PRODUCT_BUNDLE_IDENTIFIER = alliterative.TVCoffeeTests;
				PRODUCT_NAME = "$(TARGET_NAME)";
				TEST_HOST = "$(BUILT_PRODUCTS_DIR)/TVCoffee.app/TVCoffee";
			};
			name = Release;
		};
		5EA6A54E1C1631EE008F88F6 /* Debug */ = {
			isa = XCBuildConfiguration;
			buildSettings = {
				INFOPLIST_FILE = TVCoffeeUITests/Info.plist;
				LD_RUNPATH_SEARCH_PATHS = "$(inherited) @executable_path/Frameworks @loader_path/Frameworks";
				PRODUCT_BUNDLE_IDENTIFIER = alliterative.TVCoffeeUITests;
				PRODUCT_NAME = "$(TARGET_NAME)";
				TEST_TARGET_NAME = TVCoffee;
				USES_XCTRUNNER = YES;
			};
			name = Debug;
		};
		5EA6A54F1C1631EE008F88F6 /* Release */ = {
			isa = XCBuildConfiguration;
			buildSettings = {
				INFOPLIST_FILE = TVCoffeeUITests/Info.plist;
				LD_RUNPATH_SEARCH_PATHS = "$(inherited) @executable_path/Frameworks @loader_path/Frameworks";
				PRODUCT_BUNDLE_IDENTIFIER = alliterative.TVCoffeeUITests;
				PRODUCT_NAME = "$(TARGET_NAME)";
				TEST_TARGET_NAME = TVCoffee;
				USES_XCTRUNNER = YES;
			};
			name = Release;
		};
/* End XCBuildConfiguration section */

/* Begin XCConfigurationList section */
		5EA6A51D1C1631ED008F88F6 /* Build configuration list for PBXProject "TVCoffee" */ = {
			isa = XCConfigurationList;
			buildConfigurations = (
				5EA6A5451C1631EE008F88F6 /* Debug */,
				5EA6A5461C1631EE008F88F6 /* Release */,
			);
			defaultConfigurationIsVisible = 0;
			defaultConfigurationName = Release;
		};
		5EA6A5471C1631EE008F88F6 /* Build configuration list for PBXNativeTarget "TVCoffee" */ = {
			isa = XCConfigurationList;
			buildConfigurations = (
				5EA6A5481C1631EE008F88F6 /* Debug */,
				5EA6A5491C1631EE008F88F6 /* Release */,
			);
			defaultConfigurationIsVisible = 0;
			defaultConfigurationName = Release;
		};
		5EA6A54A1C1631EE008F88F6 /* Build configuration list for PBXNativeTarget "TVCoffeeTests" */ = {
			isa = XCConfigurationList;
			buildConfigurations = (
				5EA6A54B1C1631EE008F88F6 /* Debug */,
				5EA6A54C1C1631EE008F88F6 /* Release */,
			);
			defaultConfigurationIsVisible = 0;
			defaultConfigurationName = Release;
		};
		5EA6A54D1C1631EE008F88F6 /* Build configuration list for PBXNativeTarget "TVCoffeeUITests" */ = {
			isa = XCConfigurationList;
			buildConfigurations = (
				5EA6A54E1C1631EE008F88F6 /* Debug */,
				5EA6A54F1C1631EE008F88F6 /* Release */,
			);
			defaultConfigurationIsVisible = 0;
			defaultConfigurationName = Release;
		};
/* End XCConfigurationList section */
	};
	rootObject = 5EA6A51A1C1631ED008F88F6 /* Project object */;
}
